// !$*UTF8*$!
{
	archiveVersion = 1;
	classes = {
	};
	objectVersion = 55;
	objects = {

/* Begin PBXBuildFile section */
		2881E9D227A5EA2F00EEDD93 /* AppDelegate.swift in Sources */ = {isa = PBXBuildFile; fileRef = 2881E9D127A5EA2F00EEDD93 /* AppDelegate.swift */; };
		2881E9D427A5EA2F00EEDD93 /* SceneDelegate.swift in Sources */ = {isa = PBXBuildFile; fileRef = 2881E9D327A5EA2F00EEDD93 /* SceneDelegate.swift */; };
		2881E9D627A5EA2F00EEDD93 /* ViewController.swift in Sources */ = {isa = PBXBuildFile; fileRef = 2881E9D527A5EA2F00EEDD93 /* ViewController.swift */; };
		2881E9D927A5EA2F00EEDD93 /* Main.storyboard in Resources */ = {isa = PBXBuildFile; fileRef = 2881E9D727A5EA2F00EEDD93 /* Main.storyboard */; };
		2881E9DB27A5EA3000EEDD93 /* Assets.xcassets in Resources */ = {isa = PBXBuildFile; fileRef = 2881E9DA27A5EA3000EEDD93 /* Assets.xcassets */; };
		2881E9DE27A5EA3000EEDD93 /* LaunchScreen.storyboard in Resources */ = {isa = PBXBuildFile; fileRef = 2881E9DC27A5EA3000EEDD93 /* LaunchScreen.storyboard */; };
		2881E9E927A5EA3000EEDD93 /* Gundeti_ReshwanthTests.swift in Sources */ = {isa = PBXBuildFile; fileRef = 2881E9E827A5EA3000EEDD93 /* Gundeti_ReshwanthTests.swift */; };
		2881E9F327A5EA3000EEDD93 /* Gundeti_ReshwanthUITests.swift in Sources */ = {isa = PBXBuildFile; fileRef = 2881E9F227A5EA3000EEDD93 /* Gundeti_ReshwanthUITests.swift */; };
		2881E9F527A5EA3000EEDD93 /* Gundeti_ReshwanthUITestsLaunchTests.swift in Sources */ = {isa = PBXBuildFile; fileRef = 2881E9F427A5EA3000EEDD93 /* Gundeti_ReshwanthUITestsLaunchTests.swift */; };
/* End PBXBuildFile section */

/* Begin PBXContainerItemProxy section */
		2881E9E527A5EA3000EEDD93 /* PBXContainerItemProxy */ = {
			isa = PBXContainerItemProxy;
			containerPortal = 2881E9C627A5EA2F00EEDD93 /* Project object */;
			proxyType = 1;
			remoteGlobalIDString = 2881E9CD27A5EA2F00EEDD93;
			remoteInfo = Gundeti_Reshwanth;
		};
		2881E9EF27A5EA3000EEDD93 /* PBXContainerItemProxy */ = {
			isa = PBXContainerItemProxy;
			containerPortal = 2881E9C627A5EA2F00EEDD93 /* Project object */;
			proxyType = 1;
			remoteGlobalIDString = 2881E9CD27A5EA2F00EEDD93;
			remoteInfo = Gundeti_Reshwanth;
		};
/* End PBXContainerItemProxy section */

/* Begin PBXFileReference section */
		2881E9CE27A5EA2F00EEDD93 /* Gundeti_Reshwanth.app */ = {isa = PBXFileReference; explicitFileType = wrapper.application; includeInIndex = 0; path = Gundeti_Reshwanth.app; sourceTree = BUILT_PRODUCTS_DIR; };
		2881E9D127A5EA2F00EEDD93 /* AppDelegate.swift */ = {isa = PBXFileReference; lastKnownFileType = sourcecode.swift; path = AppDelegate.swift; sourceTree = "<group>"; };
		2881E9D327A5EA2F00EEDD93 /* SceneDelegate.swift */ = {isa = PBXFileReference; lastKnownFileType = sourcecode.swift; path = SceneDelegate.swift; sourceTree = "<group>"; };
		2881E9D527A5EA2F00EEDD93 /* ViewController.swift */ = {isa = PBXFileReference; lastKnownFileType = sourcecode.swift; path = ViewController.swift; sourceTree = "<group>"; };
		2881E9D827A5EA2F00EEDD93 /* Base */ = {isa = PBXFileReference; lastKnownFileType = file.storyboard; name = Base; path = Base.lproj/Main.storyboard; sourceTree = "<group>"; };
		2881E9DA27A5EA3000EEDD93 /* Assets.xcassets */ = {isa = PBXFileReference; lastKnownFileType = folder.assetcatalog; path = Assets.xcassets; sourceTree = "<group>"; };
		2881E9DD27A5EA3000EEDD93 /* Base */ = {isa = PBXFileReference; lastKnownFileType = file.storyboard; name = Base; path = Base.lproj/LaunchScreen.storyboard; sourceTree = "<group>"; };
		2881E9DF27A5EA3000EEDD93 /* Info.plist */ = {isa = PBXFileReference; lastKnownFileType = text.plist.xml; path = Info.plist; sourceTree = "<group>"; };
		2881E9E427A5EA3000EEDD93 /* Gundeti_ReshwanthTests.xctest */ = {isa = PBXFileReference; explicitFileType = wrapper.cfbundle; includeInIndex = 0; path = Gundeti_ReshwanthTests.xctest; sourceTree = BUILT_PRODUCTS_DIR; };
		2881E9E827A5EA3000EEDD93 /* Gundeti_ReshwanthTests.swift */ = {isa = PBXFileReference; lastKnownFileType = sourcecode.swift; path = Gundeti_ReshwanthTests.swift; sourceTree = "<group>"; };
		2881E9EE27A5EA3000EEDD93 /* Gundeti_ReshwanthUITests.xctest */ = {isa = PBXFileReference; explicitFileType = wrapper.cfbundle; includeInIndex = 0; path = Gundeti_ReshwanthUITests.xctest; sourceTree = BUILT_PRODUCTS_DIR; };
		2881E9F227A5EA3000EEDD93 /* Gundeti_ReshwanthUITests.swift */ = {isa = PBXFileReference; lastKnownFileType = sourcecode.swift; path = Gundeti_ReshwanthUITests.swift; sourceTree = "<group>"; };
		2881E9F427A5EA3000EEDD93 /* Gundeti_ReshwanthUITestsLaunchTests.swift */ = {isa = PBXFileReference; lastKnownFileType = sourcecode.swift; path = Gundeti_ReshwanthUITestsLaunchTests.swift; sourceTree = "<group>"; };
/* End PBXFileReference section */

/* Begin PBXFrameworksBuildPhase section */
		2881E9CB27A5EA2F00EEDD93 /* Frameworks */ = {
			isa = PBXFrameworksBuildPhase;
			buildActionMask = 2147483647;
			files = (
			);
			runOnlyForDeploymentPostprocessing = 0;
		};
		2881E9E127A5EA3000EEDD93 /* Frameworks */ = {
			isa = PBXFrameworksBuildPhase;
			buildActionMask = 2147483647;
			files = (
			);
			runOnlyForDeploymentPostprocessing = 0;
		};
		2881E9EB27A5EA3000EEDD93 /* Frameworks */ = {
			isa = PBXFrameworksBuildPhase;
			buildActionMask = 2147483647;
			files = (
			);
			runOnlyForDeploymentPostprocessing = 0;
		};
/* End PBXFrameworksBuildPhase section */

/* Begin PBXGroup section */
		2881E9C527A5EA2F00EEDD93 = {
			isa = PBXGroup;
			children = (
				2881E9D027A5EA2F00EEDD93 /* Gundeti_Reshwanth */,
				2881E9E727A5EA3000EEDD93 /* Gundeti_ReshwanthTests */,
				2881E9F127A5EA3000EEDD93 /* Gundeti_ReshwanthUITests */,
				2881E9CF27A5EA2F00EEDD93 /* Products */,
			);
			sourceTree = "<group>";
		};
		2881E9CF27A5EA2F00EEDD93 /* Products */ = {
			isa = PBXGroup;
			children = (
				2881E9CE27A5EA2F00EEDD93 /* Gundeti_Reshwanth.app */,
				2881E9E427A5EA3000EEDD93 /* Gundeti_ReshwanthTests.xctest */,
				2881E9EE27A5EA3000EEDD93 /* Gundeti_ReshwanthUITests.xctest */,
			);
			name = Products;
			sourceTree = "<group>";
		};
		2881E9D027A5EA2F00EEDD93 /* Gundeti_Reshwanth */ = {
			isa = PBXGroup;
			children = (
				2881E9D127A5EA2F00EEDD93 /* AppDelegate.swift */,
				2881E9D327A5EA2F00EEDD93 /* SceneDelegate.swift */,
				2881E9D527A5EA2F00EEDD93 /* ViewController.swift */,
				2881E9D727A5EA2F00EEDD93 /* Main.storyboard */,
				2881E9DA27A5EA3000EEDD93 /* Assets.xcassets */,
				2881E9DC27A5EA3000EEDD93 /* LaunchScreen.storyboard */,
				2881E9DF27A5EA3000EEDD93 /* Info.plist */,
			);
			path = Gundeti_Reshwanth;
			sourceTree = "<group>";
		};
		2881E9E727A5EA3000EEDD93 /* Gundeti_ReshwanthTests */ = {
			isa = PBXGroup;
			children = (
				2881E9E827A5EA3000EEDD93 /* Gundeti_ReshwanthTests.swift */,
			);
			path = Gundeti_ReshwanthTests;
			sourceTree = "<group>";
		};
		2881E9F127A5EA3000EEDD93 /* Gundeti_ReshwanthUITests */ = {
			isa = PBXGroup;
			children = (
				2881E9F227A5EA3000EEDD93 /* Gundeti_ReshwanthUITests.swift */,
				2881E9F427A5EA3000EEDD93 /* Gundeti_ReshwanthUITestsLaunchTests.swift */,
			);
			path = Gundeti_ReshwanthUITests;
			sourceTree = "<group>";
		};
/* End PBXGroup section */

/* Begin PBXNativeTarget section */
		2881E9CD27A5EA2F00EEDD93 /* Gundeti_Reshwanth */ = {
			isa = PBXNativeTarget;
			buildConfigurationList = 2881E9F827A5EA3000EEDD93 /* Build configuration list for PBXNativeTarget "Gundeti_Reshwanth" */;
			buildPhases = (
				2881E9CA27A5EA2F00EEDD93 /* Sources */,
				2881E9CB27A5EA2F00EEDD93 /* Frameworks */,
				2881E9CC27A5EA2F00EEDD93 /* Resources */,
			);
			buildRules = (
			);
			dependencies = (
			);
			name = Gundeti_Reshwanth;
			productName = Gundeti_Reshwanth;
			productReference = 2881E9CE27A5EA2F00EEDD93 /* Gundeti_Reshwanth.app */;
			productType = "com.apple.product-type.application";
		};
		2881E9E327A5EA3000EEDD93 /* Gundeti_ReshwanthTests */ = {
			isa = PBXNativeTarget;
			buildConfigurationList = 2881E9FB27A5EA3000EEDD93 /* Build configuration list for PBXNativeTarget "Gundeti_ReshwanthTests" */;
			buildPhases = (
				2881E9E027A5EA3000EEDD93 /* Sources */,
				2881E9E127A5EA3000EEDD93 /* Frameworks */,
				2881E9E227A5EA3000EEDD93 /* Resources */,
			);
			buildRules = (
			);
			dependencies = (
				2881E9E627A5EA3000EEDD93 /* PBXTargetDependency */,
			);
			name = Gundeti_ReshwanthTests;
			productName = Gundeti_ReshwanthTests;
			productReference = 2881E9E427A5EA3000EEDD93 /* Gundeti_ReshwanthTests.xctest */;
			productType = "com.apple.product-type.bundle.unit-test";
		};
		2881E9ED27A5EA3000EEDD93 /* Gundeti_ReshwanthUITests */ = {
			isa = PBXNativeTarget;
			buildConfigurationList = 2881E9FE27A5EA3000EEDD93 /* Build configuration list for PBXNativeTarget "Gundeti_ReshwanthUITests" */;
			buildPhases = (
				2881E9EA27A5EA3000EEDD93 /* Sources */,
				2881E9EB27A5EA3000EEDD93 /* Frameworks */,
				2881E9EC27A5EA3000EEDD93 /* Resources */,
			);
			buildRules = (
			);
			dependencies = (
				2881E9F027A5EA3000EEDD93 /* PBXTargetDependency */,
			);
			name = Gundeti_ReshwanthUITests;
			productName = Gundeti_ReshwanthUITests;
			productReference = 2881E9EE27A5EA3000EEDD93 /* Gundeti_ReshwanthUITests.xctest */;
			productType = "com.apple.product-type.bundle.ui-testing";
		};
/* End PBXNativeTarget section */

/* Begin PBXProject section */
		2881E9C627A5EA2F00EEDD93 /* Project object */ = {
			isa = PBXProject;
			attributes = {
				BuildIndependentTargetsInParallel = 1;
				LastSwiftUpdateCheck = 1320;
				LastUpgradeCheck = 1320;
				TargetAttributes = {
					2881E9CD27A5EA2F00EEDD93 = {
						CreatedOnToolsVersion = 13.2.1;
					};
					2881E9E327A5EA3000EEDD93 = {
						CreatedOnToolsVersion = 13.2.1;
						TestTargetID = 2881E9CD27A5EA2F00EEDD93;
					};
					2881E9ED27A5EA3000EEDD93 = {
						CreatedOnToolsVersion = 13.2.1;
						TestTargetID = 2881E9CD27A5EA2F00EEDD93;
					};
				};
			};
			buildConfigurationList = 2881E9C927A5EA2F00EEDD93 /* Build configuration list for PBXProject "Gundeti_Reshwanth" */;
			compatibilityVersion = "Xcode 13.0";
			developmentRegion = en;
			hasScannedForEncodings = 0;
			knownRegions = (
				en,
				Base,
			);
			mainGroup = 2881E9C527A5EA2F00EEDD93;
			productRefGroup = 2881E9CF27A5EA2F00EEDD93 /* Products */;
			projectDirPath = "";
			projectRoot = "";
			targets = (
				2881E9CD27A5EA2F00EEDD93 /* Gundeti_Reshwanth */,
				2881E9E327A5EA3000EEDD93 /* Gundeti_ReshwanthTests */,
				2881E9ED27A5EA3000EEDD93 /* Gundeti_ReshwanthUITests */,
			);
		};
/* End PBXProject section */

/* Begin PBXResourcesBuildPhase section */
		2881E9CC27A5EA2F00EEDD93 /* Resources */ = {
			isa = PBXResourcesBuildPhase;
			buildActionMask = 2147483647;
			files = (
				2881E9DE27A5EA3000EEDD93 /* LaunchScreen.storyboard in Resources */,
				2881E9DB27A5EA3000EEDD93 /* Assets.xcassets in Resources */,
				2881E9D927A5EA2F00EEDD93 /* Main.storyboard in Resources */,
			);
			runOnlyForDeploymentPostprocessing = 0;
		};
		2881E9E227A5EA3000EEDD93 /* Resources */ = {
			isa = PBXResourcesBuildPhase;
			buildActionMask = 2147483647;
			files = (
			);
			runOnlyForDeploymentPostprocessing = 0;
		};
		2881E9EC27A5EA3000EEDD93 /* Resources */ = {
			isa = PBXResourcesBuildPhase;
			buildActionMask = 2147483647;
			files = (
			);
			runOnlyForDeploymentPostprocessing = 0;
		};
/* End PBXResourcesBuildPhase section */

/* Begin PBXSourcesBuildPhase section */
		2881E9CA27A5EA2F00EEDD93 /* Sources */ = {
			isa = PBXSourcesBuildPhase;
			buildActionMask = 2147483647;
			files = (
				2881E9D627A5EA2F00EEDD93 /* ViewController.swift in Sources */,
				2881E9D227A5EA2F00EEDD93 /* AppDelegate.swift in Sources */,
				2881E9D427A5EA2F00EEDD93 /* SceneDelegate.swift in Sources */,
			);
			runOnlyForDeploymentPostprocessing = 0;
		};
		2881E9E027A5EA3000EEDD93 /* Sources */ = {
			isa = PBXSourcesBuildPhase;
			buildActionMask = 2147483647;
			files = (
				2881E9E927A5EA3000EEDD93 /* Gundeti_ReshwanthTests.swift in Sources */,
			);
			runOnlyForDeploymentPostprocessing = 0;
		};
		2881E9EA27A5EA3000EEDD93 /* Sources */ = {
			isa = PBXSourcesBuildPhase;
			buildActionMask = 2147483647;
			files = (
				2881E9F527A5EA3000EEDD93 /* Gundeti_ReshwanthUITestsLaunchTests.swift in Sources */,
				2881E9F327A5EA3000EEDD93 /* Gundeti_ReshwanthUITests.swift in Sources */,
			);
			runOnlyForDeploymentPostprocessing = 0;
		};
/* End PBXSourcesBuildPhase section */

/* Begin PBXTargetDependency section */
		2881E9E627A5EA3000EEDD93 /* PBXTargetDependency */ = {
			isa = PBXTargetDependency;
			target = 2881E9CD27A5EA2F00EEDD93 /* Gundeti_Reshwanth */;
			targetProxy = 2881E9E527A5EA3000EEDD93 /* PBXContainerItemProxy */;
		};
		2881E9F027A5EA3000EEDD93 /* PBXTargetDependency */ = {
			isa = PBXTargetDependency;
			target = 2881E9CD27A5EA2F00EEDD93 /* Gundeti_Reshwanth */;
			targetProxy = 2881E9EF27A5EA3000EEDD93 /* PBXContainerItemProxy */;
		};
/* End PBXTargetDependency section */

/* Begin PBXVariantGroup section */
		2881E9D727A5EA2F00EEDD93 /* Main.storyboard */ = {
			isa = PBXVariantGroup;
			children = (
				2881E9D827A5EA2F00EEDD93 /* Base */,
			);
			name = Main.storyboard;
			sourceTree = "<group>";
		};
		2881E9DC27A5EA3000EEDD93 /* LaunchScreen.storyboard */ = {
			isa = PBXVariantGroup;
			children = (
				2881E9DD27A5EA3000EEDD93 /* Base */,
			);
			name = LaunchScreen.storyboard;
			sourceTree = "<group>";
		};
/* End PBXVariantGroup section */

/* Begin XCBuildConfiguration section */
		2881E9F627A5EA3000EEDD93 /* Debug */ = {
			isa = XCBuildConfiguration;
			buildSettings = {
				ALWAYS_SEARCH_USER_PATHS = NO;
				CLANG_ANALYZER_NONNULL = YES;
				CLANG_ANALYZER_NUMBER_OBJECT_CONVERSION = YES_AGGRESSIVE;
				CLANG_CXX_LANGUAGE_STANDARD = "gnu++17";
				CLANG_CXX_LIBRARY = "libc++";
				CLANG_ENABLE_MODULES = YES;
				CLANG_ENABLE_OBJC_ARC = YES;
				CLANG_ENABLE_OBJC_WEAK = YES;
				CLANG_WARN_BLOCK_CAPTURE_AUTORELEASING = YES;
				CLANG_WARN_BOOL_CONVERSION = YES;
				CLANG_WARN_COMMA = YES;
				CLANG_WARN_CONSTANT_CONVERSION = YES;
				CLANG_WARN_DEPRECATED_OBJC_IMPLEMENTATIONS = YES;
				CLANG_WARN_DIRECT_OBJC_ISA_USAGE = YES_ERROR;
				CLANG_WARN_DOCUMENTATION_COMMENTS = YES;
				CLANG_WARN_EMPTY_BODY = YES;
				CLANG_WARN_ENUM_CONVERSION = YES;
				CLANG_WARN_INFINITE_RECURSION = YES;
				CLANG_WARN_INT_CONVERSION = YES;
				CLANG_WARN_NON_LITERAL_NULL_CONVERSION = YES;
				CLANG_WARN_OBJC_IMPLICIT_RETAIN_SELF = YES;
				CLANG_WARN_OBJC_LITERAL_CONVERSION = YES;
				CLANG_WARN_OBJC_ROOT_CLASS = YES_ERROR;
				CLANG_WARN_QUOTED_INCLUDE_IN_FRAMEWORK_HEADER = YES;
				CLANG_WARN_RANGE_LOOP_ANALYSIS = YES;
				CLANG_WARN_STRICT_PROTOTYPES = YES;
				CLANG_WARN_SUSPICIOUS_MOVE = YES;
				CLANG_WARN_UNGUARDED_AVAILABILITY = YES_AGGRESSIVE;
				CLANG_WARN_UNREACHABLE_CODE = YES;
				CLANG_WARN__DUPLICATE_METHOD_MATCH = YES;
				COPY_PHASE_STRIP = NO;
				DEBUG_INFORMATION_FORMAT = dwarf;
				ENABLE_STRICT_OBJC_MSGSEND = YES;
				ENABLE_TESTABILITY = YES;
				GCC_C_LANGUAGE_STANDARD = gnu11;
				GCC_DYNAMIC_NO_PIC = NO;
				GCC_NO_COMMON_BLOCKS = YES;
				GCC_OPTIMIZATION_LEVEL = 0;
				GCC_PREPROCESSOR_DEFINITIONS = (
					"DEBUG=1",
					"$(inherited)",
				);
				GCC_WARN_64_TO_32_BIT_CONVERSION = YES;
				GCC_WARN_ABOUT_RETURN_TYPE = YES_ERROR;
				GCC_WARN_UNDECLARED_SELECTOR = YES;
				GCC_WARN_UNINITIALIZED_AUTOS = YES_AGGRESSIVE;
				GCC_WARN_UNUSED_FUNCTION = YES;
				GCC_WARN_UNUSED_VARIABLE = YES;
				IPHONEOS_DEPLOYMENT_TARGET = 15.2;
				MTL_ENABLE_DEBUG_INFO = INCLUDE_SOURCE;
				MTL_FAST_MATH = YES;
				ONLY_ACTIVE_ARCH = YES;
				SDKROOT = iphoneos;
				SWIFT_ACTIVE_COMPILATION_CONDITIONS = DEBUG;
				SWIFT_OPTIMIZATION_LEVEL = "-Onone";
			};
			name = Debug;
		};
		2881E9F727A5EA3000EEDD93 /* Release */ = {
			isa = XCBuildConfiguration;
			buildSettings = {
				ALWAYS_SEARCH_USER_PATHS = NO;
				CLANG_ANALYZER_NONNULL = YES;
				CLANG_ANALYZER_NUMBER_OBJECT_CONVERSION = YES_AGGRESSIVE;
				CLANG_CXX_LANGUAGE_STANDARD = "gnu++17";
				CLANG_CXX_LIBRARY = "libc++";
				CLANG_ENABLE_MODULES = YES;
				CLANG_ENABLE_OBJC_ARC = YES;
				CLANG_ENABLE_OBJC_WEAK = YES;
				CLANG_WARN_BLOCK_CAPTURE_AUTORELEASING = YES;
				CLANG_WARN_BOOL_CONVERSION = YES;
				CLANG_WARN_COMMA = YES;
				CLANG_WARN_CONSTANT_CONVERSION = YES;
				CLANG_WARN_DEPRECATED_OBJC_IMPLEMENTATIONS = YES;
				CLANG_WARN_DIRECT_OBJC_ISA_USAGE = YES_ERROR;
				CLANG_WARN_DOCUMENTATION_COMMENTS = YES;
				CLANG_WARN_EMPTY_BODY = YES;
				CLANG_WARN_ENUM_CONVERSION = YES;
				CLANG_WARN_INFINITE_RECURSION = YES;
				CLANG_WARN_INT_CONVERSION = YES;
				CLANG_WARN_NON_LITERAL_NULL_CONVERSION = YES;
				CLANG_WARN_OBJC_IMPLICIT_RETAIN_SELF = YES;
				CLANG_WARN_OBJC_LITERAL_CONVERSION = YES;
				CLANG_WARN_OBJC_ROOT_CLASS = YES_ERROR;
				CLANG_WARN_QUOTED_INCLUDE_IN_FRAMEWORK_HEADER = YES;
				CLANG_WARN_RANGE_LOOP_ANALYSIS = YES;
				CLANG_WARN_STRICT_PROTOTYPES = YES;
				CLANG_WARN_SUSPICIOUS_MOVE = YES;
				CLANG_WARN_UNGUARDED_AVAILABILITY = YES_AGGRESSIVE;
				CLANG_WARN_UNREACHABLE_CODE = YES;
				CLANG_WARN__DUPLICATE_METHOD_MATCH = YES;
				COPY_PHASE_STRIP = NO;
				DEBUG_INFORMATION_FORMAT = "dwarf-with-dsym";
				ENABLE_NS_ASSERTIONS = NO;
				ENABLE_STRICT_OBJC_MSGSEND = YES;
				GCC_C_LANGUAGE_STANDARD = gnu11;
				GCC_NO_COMMON_BLOCKS = YES;
				GCC_WARN_64_TO_32_BIT_CONVERSION = YES;
				GCC_WARN_ABOUT_RETURN_TYPE = YES_ERROR;
				GCC_WARN_UNDECLARED_SELECTOR = YES;
				GCC_WARN_UNINITIALIZED_AUTOS = YES_AGGRESSIVE;
				GCC_WARN_UNUSED_FUNCTION = YES;
				GCC_WARN_UNUSED_VARIABLE = YES;
				IPHONEOS_DEPLOYMENT_TARGET = 15.2;
				MTL_ENABLE_DEBUG_INFO = NO;
				MTL_FAST_MATH = YES;
				SDKROOT = iphoneos;
				SWIFT_COMPILATION_MODE = wholemodule;
				SWIFT_OPTIMIZATION_LEVEL = "-O";
				VALIDATE_PRODUCT = YES;
			};
			name = Release;
		};
		2881E9F927A5EA3000EEDD93 /* Debug */ = {
			isa = XCBuildConfiguration;
			buildSettings = {
				ASSETCATALOG_COMPILER_APPICON_NAME = AppIcon;
				ASSETCATALOG_COMPILER_GLOBAL_ACCENT_COLOR_NAME = AccentColor;
				CODE_SIGN_STYLE = Automatic;
				CURRENT_PROJECT_VERSION = 1;
				GENERATE_INFOPLIST_FILE = YES;
				INFOPLIST_FILE = Gundeti_Reshwanth/Info.plist;
				INFOPLIST_KEY_CFBundleDisplayName = Gundeti_Reshwanth;
				INFOPLIST_KEY_UIApplicationSupportsIndirectInputEvents = YES;
				INFOPLIST_KEY_UILaunchStoryboardName = LaunchScreen;
				INFOPLIST_KEY_UIMainStoryboardFile = Main;
				INFOPLIST_KEY_UISupportedInterfaceOrientations_iPad = "UIInterfaceOrientationPortrait UIInterfaceOrientationPortraitUpsideDown UIInterfaceOrientationLandscapeLeft UIInterfaceOrientationLandscapeRight";
				INFOPLIST_KEY_UISupportedInterfaceOrientations_iPhone = "UIInterfaceOrientationPortrait UIInterfaceOrientationLandscapeLeft UIInterfaceOrientationLandscapeRight";
				LD_RUNPATH_SEARCH_PATHS = (
					"$(inherited)",
					"@executable_path/Frameworks",
				);
				MARKETING_VERSION = 1.0;
				PRODUCT_BUNDLE_IDENTIFIER = "numsu.Gundeti-Reshwanth";
				PRODUCT_NAME = "$(TARGET_NAME)";
				SWIFT_EMIT_LOC_STRINGS = YES;
				SWIFT_VERSION = 5.0;
				TARGETED_DEVICE_FAMILY = "1,2";
			};
			name = Debug;
		};
		2881E9FA27A5EA3000EEDD93 /* Release */ = {
			isa = XCBuildConfiguration;
			buildSettings = {
				ASSETCATALOG_COMPILER_APPICON_NAME = AppIcon;
				ASSETCATALOG_COMPILER_GLOBAL_ACCENT_COLOR_NAME = AccentColor;
				CODE_SIGN_STYLE = Automatic;
				CURRENT_PROJECT_VERSION = 1;
				GENERATE_INFOPLIST_FILE = YES;
				INFOPLIST_FILE = Gundeti_Reshwanth/Info.plist;
				INFOPLIST_KEY_CFBundleDisplayName = Gundeti_Reshwanth;
				INFOPLIST_KEY_UIApplicationSupportsIndirectInputEvents = YES;
				INFOPLIST_KEY_UILaunchStoryboardName = LaunchScreen;
				INFOPLIST_KEY_UIMainStoryboardFile = Main;
				INFOPLIST_KEY_UISupportedInterfaceOrientations_iPad = "UIInterfaceOrientationPortrait UIInterfaceOrientationPortraitUpsideDown UIInterfaceOrientationLandscapeLeft UIInterfaceOrientationLandscapeRight";
				INFOPLIST_KEY_UISupportedInterfaceOrientations_iPhone = "UIInterfaceOrientationPortrait UIInterfaceOrientationLandscapeLeft UIInterfaceOrientationLandscapeRight";
				LD_RUNPATH_SEARCH_PATHS = (
					"$(inherited)",
					"@executable_path/Frameworks",
				);
				MARKETING_VERSION = 1.0;
				PRODUCT_BUNDLE_IDENTIFIER = "numsu.Gundeti-Reshwanth";
				PRODUCT_NAME = "$(TARGET_NAME)";
				SWIFT_EMIT_LOC_STRINGS = YES;
				SWIFT_VERSION = 5.0;
				TARGETED_DEVICE_FAMILY = "1,2";
			};
			name = Release;
		};
		2881E9FC27A5EA3000EEDD93 /* Debug */ = {
			isa = XCBuildConfiguration;
			buildSettings = {
				ALWAYS_EMBED_SWIFT_STANDARD_LIBRARIES = YES;
				BUNDLE_LOADER = "$(TEST_HOST)";
				CODE_SIGN_STYLE = Automatic;
				CURRENT_PROJECT_VERSION = 1;
				GENERATE_INFOPLIST_FILE = YES;
				IPHONEOS_DEPLOYMENT_TARGET = 15.2;
				MARKETING_VERSION = 1.0;
				PRODUCT_BUNDLE_IDENTIFIER = "numsu.Gundeti-ReshwanthTests";
				PRODUCT_NAME = "$(TARGET_NAME)";
				SWIFT_EMIT_LOC_STRINGS = NO;
				SWIFT_VERSION = 5.0;
				TARGETED_DEVICE_FAMILY = "1,2";
				TEST_HOST = "$(BUILT_PRODUCTS_DIR)/Gundeti_Reshwanth.app/Gundeti_Reshwanth";
			};
			name = Debug;
		};
		2881E9FD27A5EA3000EEDD93 /* Release */ = {
			isa = XCBuildConfiguration;
			buildSettings = {
				ALWAYS_EMBED_SWIFT_STANDARD_LIBRARIES = YES;
				BUNDLE_LOADER = "$(TEST_HOST)";
				CODE_SIGN_STYLE = Automatic;
				CURRENT_PROJECT_VERSION = 1;
				GENERATE_INFOPLIST_FILE = YES;
				IPHONEOS_DEPLOYMENT_TARGET = 15.2;
				MARKETING_VERSION = 1.0;
				PRODUCT_BUNDLE_IDENTIFIER = "numsu.Gundeti-ReshwanthTests";
				PRODUCT_NAME = "$(TARGET_NAME)";
				SWIFT_EMIT_LOC_STRINGS = NO;
				SWIFT_VERSION = 5.0;
				TARGETED_DEVICE_FAMILY = "1,2";
				TEST_HOST = "$(BUILT_PRODUCTS_DIR)/Gundeti_Reshwanth.app/Gundeti_Reshwanth";
			};
			name = Release;
		};
		2881E9FF27A5EA3000EEDD93 /* Debug */ = {
			isa = XCBuildConfiguration;
			buildSettings = {
				ALWAYS_EMBED_SWIFT_STANDARD_LIBRARIES = YES;
				CODE_SIGN_STYLE = Automatic;
				CURRENT_PROJECT_VERSION = 1;
				GENERATE_INFOPLIST_FILE = YES;
				MARKETING_VERSION = 1.0;
				PRODUCT_BUNDLE_IDENTIFIER = "numsu.Gundeti-ReshwanthUITests";
				PRODUCT_NAME = "$(TARGET_NAME)";
				SWIFT_EMIT_LOC_STRINGS = NO;
				SWIFT_VERSION = 5.0;
				TARGETED_DEVICE_FAMILY = "1,2";
				TEST_TARGET_NAME = Gundeti_Reshwanth;
			};
			name = Debug;
		};
		2881EA0027A5EA3000EEDD93 /* Release */ = {
			isa = XCBuildConfiguration;
			buildSettings = {
				ALWAYS_EMBED_SWIFT_STANDARD_LIBRARIES = YES;
				CODE_SIGN_STYLE = Automatic;
				CURRENT_PROJECT_VERSION = 1;
				GENERATE_INFOPLIST_FILE = YES;
				MARKETING_VERSION = 1.0;
				PRODUCT_BUNDLE_IDENTIFIER = "numsu.Gundeti-ReshwanthUITests";
				PRODUCT_NAME = "$(TARGET_NAME)";
				SWIFT_EMIT_LOC_STRINGS = NO;
				SWIFT_VERSION = 5.0;
				TARGETED_DEVICE_FAMILY = "1,2";
				TEST_TARGET_NAME = Gundeti_Reshwanth;
			};
			name = Release;
		};
/* End XCBuildConfiguration section */

/* Begin XCConfigurationList section */
		2881E9C927A5EA2F00EEDD93 /* Build configuration list for PBXProject "Gundeti_Reshwanth" */ = {
			isa = XCConfigurationList;
			buildConfigurations = (
				2881E9F627A5EA3000EEDD93 /* Debug */,
				2881E9F727A5EA3000EEDD93 /* Release */,
			);
			defaultConfigurationIsVisible = 0;
			defaultConfigurationName = Release;
		};
		2881E9F827A5EA3000EEDD93 /* Build configuration list for PBXNativeTarget "Gundeti_Reshwanth" */ = {
			isa = XCConfigurationList;
			buildConfigurations = (
				2881E9F927A5EA3000EEDD93 /* Debug */,
				2881E9FA27A5EA3000EEDD93 /* Release */,
			);
			defaultConfigurationIsVisible = 0;
			defaultConfigurationName = Release;
		};
		2881E9FB27A5EA3000EEDD93 /* Build configuration list for PBXNativeTarget "Gundeti_ReshwanthTests" */ = {
			isa = XCConfigurationList;
			buildConfigurations = (
				2881E9FC27A5EA3000EEDD93 /* Debug */,
				2881E9FD27A5EA3000EEDD93 /* Release */,
			);
			defaultConfigurationIsVisible = 0;
			defaultConfigurationName = Release;
		};
		2881E9FE27A5EA3000EEDD93 /* Build configuration list for PBXNativeTarget "Gundeti_ReshwanthUITests" */ = {
			isa = XCConfigurationList;
			buildConfigurations = (
				2881E9FF27A5EA3000EEDD93 /* Debug */,
				2881EA0027A5EA3000EEDD93 /* Release */,
			);
			defaultConfigurationIsVisible = 0;
			defaultConfigurationName = Release;
		};
/* End XCConfigurationList section */
	};
	rootObject = 2881E9C627A5EA2F00EEDD93 /* Project object */;
}
